
Microsoft Visual Studio Solution File, Format Version 12.00
# Visual Studio Version 17
VisualStudioVersion = 17.5.33516.290
MinimumVisualStudioVersion = 10.0.40219.1
Project("{9A19103F-16F7-4668-BE54-9A1E7A4F7556}") = "MovieTracker", "MovieTracker\MovieTracker.csproj", "{4F8518FC-28C3-4E94-90DD-15FEB9D2C0B1}"
EndProject
Project("{FAE04EC0-301F-11D3-BF4B-00C04F79EFBC}") = "MovieTracker.Tests", "MovieTracker.Tests\MovieTracker.Tests.csproj", "{1BDD6BFE-6D7F-423C-8965-482D395B0F9A}"
EndProject
Project("{2150E333-8FDC-42A3-9474-1A3956D46DE8}") = "src", "src", "{77F55D3F-0BD1-49FE-848F-D6415C543D47}"
EndProject
Project("{2150E333-8FDC-42A3-9474-1A3956D46DE8}") = "aux", "aux", "{9EAED7B3-526B-4F0A-A3E6-3F336A0DB5C2}"
	ProjectSection(SolutionItems) = preProject
		docker-compose.yaml = docker-compose.yaml
	EndProjectSection
EndProject
Global
	GlobalSection(SolutionConfigurationPlatforms) = preSolution
		Debug|Any CPU = Debug|Any CPU
		Release|Any CPU = Release|Any CPU
	EndGlobalSection
	GlobalSection(ProjectConfigurationPlatforms) = postSolution
		{4F8518FC-28C3-4E94-90DD-15FEB9D2C0B1}.Debug|Any CPU.ActiveCfg = Debug|Any CPU
		{4F8518FC-28C3-4E94-90DD-15FEB9D2C0B1}.Debug|Any CPU.Build.0 = Debug|Any CPU
		{4F8518FC-28C3-4E94-90DD-15FEB9D2C0B1}.Release|Any CPU.ActiveCfg = Release|Any CPU
		{4F8518FC-28C3-4E94-90DD-15FEB9D2C0B1}.Release|Any CPU.Build.0 = Release|Any CPU
		{1BDD6BFE-6D7F-423C-8965-482D395B0F9A}.Debug|Any CPU.ActiveCfg = Debug|Any CPU
		{1BDD6BFE-6D7F-423C-8965-482D395B0F9A}.Debug|Any CPU.Build.0 = Debug|Any CPU
		{1BDD6BFE-6D7F-423C-8965-482D395B0F9A}.Release|Any CPU.ActiveCfg = Release|Any CPU
		{1BDD6BFE-6D7F-423C-8965-482D395B0F9A}.Release|Any CPU.Build.0 = Release|Any CPU
	EndGlobalSection
	GlobalSection(SolutionProperties) = preSolution
		HideSolutionNode = FALSE
	EndGlobalSection
	GlobalSection(ExtensibilityGlobals) = postSolution
		SolutionGuid = {8FEB2A54-1E92-4438-B23D-842A7F04C070}
	EndGlobalSection
	GlobalSection(NestedProjects) = preSolution
		{4F8518FC-28C3-4E94-90DD-15FEB9D2C0B1} = {77F55D3F-0BD1-49FE-848F-D6415C543D47}
		{1BDD6BFE-6D7F-423C-8965-482D395B0F9A} = {77F55D3F-0BD1-49FE-848F-D6415C543D47}
	EndGlobalSection
EndGlobal
